
Microsoft Visual Studio Solution File, Format Version 12.00
# Visual Studio Version 17
VisualStudioVersion = 17.7.34202.233
MinimumVisualStudioVersion = 10.0.40219.1
Project("{FAE04EC0-301F-11D3-BF4B-00C04F79EFBC}") = "RoleBasedExample", "RoleBasedExample\RoleBasedExample.csproj", "{5F14D995-3597-4049-8C76-9C10651EFFCC}"
EndProject
Global
	GlobalSection(SolutionConfigurationPlatforms) = preSolution
		Debug|Any CPU = Debug|Any CPU
		Release|Any CPU = Release|Any CPU
	EndGlobalSection
	GlobalSection(ProjectConfigurationPlatforms) = postSolution
		{5F14D995-3597-4049-8C76-9C10651EFFCC}.Debug|Any CPU.ActiveCfg = Debug|Any CPU
		{5F14D995-3597-4049-8C76-9C10651EFFCC}.Debug|Any CPU.Build.0 = Debug|Any CPU
		{5F14D995-3597-4049-8C76-9C10651EFFCC}.Release|Any CPU.ActiveCfg = Release|Any CPU
		{5F14D995-3597-4049-8C76-9C10651EFFCC}.Release|Any CPU.Build.0 = Release|Any CPU
	EndGlobalSection
	GlobalSection(SolutionProperties) = preSolution
		HideSolutionNode = FALSE
	EndGlobalSection
	GlobalSection(ExtensibilityGlobals) = postSolution
		SolutionGuid = {1A478095-0FF4-47AA-92C0-7D5809CADEA3}
	EndGlobalSection
EndGlobal
